
Microsoft Visual Studio Solution File, Format Version 12.00
# Visual Studio Version 16
VisualStudioVersion = 16.0.33027.164
MinimumVisualStudioVersion = 10.0.40219.1
Project("{FAE04EC0-301F-11D3-BF4B-00C04F79EFBC}") = "KrcSoftWeb", "KrcSoftWeb\KrcSoftWeb.csproj", "{EC3D8FE6-6ECD-42AF-BF61-C4F492999257}"
EndProject
Global
	GlobalSection(SolutionConfigurationPlatforms) = preSolution
		Debug|Any CPU = Debug|Any CPU
		Release|Any CPU = Release|Any CPU
	EndGlobalSection
	GlobalSection(ProjectConfigurationPlatforms) = postSolution
		{EC3D8FE6-6ECD-42AF-BF61-C4F492999257}.Debug|Any CPU.ActiveCfg = Debug|Any CPU
		{EC3D8FE6-6ECD-42AF-BF61-C4F492999257}.Debug|Any CPU.Build.0 = Debug|Any CPU
		{EC3D8FE6-6ECD-42AF-BF61-C4F492999257}.Release|Any CPU.ActiveCfg = Release|Any CPU
		{EC3D8FE6-6ECD-42AF-BF61-C4F492999257}.Release|Any CPU.Build.0 = Release|Any CPU
	EndGlobalSection
	GlobalSection(SolutionProperties) = preSolution
		HideSolutionNode = FALSE
	EndGlobalSection
	GlobalSection(ExtensibilityGlobals) = postSolution
		SolutionGuid = {98B36AD7-5FC5-4538-BE70-9E4F7BF2C4F0}
	EndGlobalSection
EndGlobal
